
Microsoft Visual Studio Solution File, Format Version 12.00
# Visual Studio Version 17
VisualStudioVersion = 17.10.35122.118
MinimumVisualStudioVersion = 10.0.40219.1
Project("{FAE04EC0-301F-11D3-BF4B-00C04F79EFBC}") = "ContractProcessInterface", "ContractProcessInterface\ContractProcessInterface.csproj", "{6E6F92D3-311D-488E-8A28-E8D22E216D23}"
EndProject
Global
	GlobalSection(SolutionConfigurationPlatforms) = preSolution
		Debug|Any CPU = Debug|Any CPU
		Release|Any CPU = Release|Any CPU
	EndGlobalSection
	GlobalSection(ProjectConfigurationPlatforms) = postSolution
		{6E6F92D3-311D-488E-8A28-E8D22E216D23}.Debug|Any CPU.ActiveCfg = Debug|Any CPU
		{6E6F92D3-311D-488E-8A28-E8D22E216D23}.Debug|Any CPU.Build.0 = Debug|Any CPU
		{6E6F92D3-311D-488E-8A28-E8D22E216D23}.Release|Any CPU.ActiveCfg = Release|Any CPU
		{6E6F92D3-311D-488E-8A28-E8D22E216D23}.Release|Any CPU.Build.0 = Release|Any CPU
	EndGlobalSection
	GlobalSection(SolutionProperties) = preSolution
		HideSolutionNode = FALSE
	EndGlobalSection
	GlobalSection(ExtensibilityGlobals) = postSolution
		SolutionGuid = {0B403083-8A22-488E-BB1D-97E90649634F}
	EndGlobalSection
EndGlobal
