
Microsoft Visual Studio Solution File, Format Version 12.00
# Visual Studio Version 17
VisualStudioVersion = 17.10.35122.118
MinimumVisualStudioVersion = 10.0.40219.1
Project("{FAE04EC0-301F-11D3-BF4B-00C04F79EFBC}") = "Caneta", "Caneta\Caneta.csproj", "{BFF152A1-53B2-4A7B-ABB5-A7542A299634}"
EndProject
Global
	GlobalSection(SolutionConfigurationPlatforms) = preSolution
		Debug|Any CPU = Debug|Any CPU
		Release|Any CPU = Release|Any CPU
	EndGlobalSection
	GlobalSection(ProjectConfigurationPlatforms) = postSolution
		{BFF152A1-53B2-4A7B-ABB5-A7542A299634}.Debug|Any CPU.ActiveCfg = Debug|Any CPU
		{BFF152A1-53B2-4A7B-ABB5-A7542A299634}.Debug|Any CPU.Build.0 = Debug|Any CPU
		{BFF152A1-53B2-4A7B-ABB5-A7542A299634}.Release|Any CPU.ActiveCfg = Release|Any CPU
		{BFF152A1-53B2-4A7B-ABB5-A7542A299634}.Release|Any CPU.Build.0 = Release|Any CPU
	EndGlobalSection
	GlobalSection(SolutionProperties) = preSolution
		HideSolutionNode = FALSE
	EndGlobalSection
	GlobalSection(ExtensibilityGlobals) = postSolution
		SolutionGuid = {605E336A-A41A-454E-858D-562B46FCF278}
	EndGlobalSection
EndGlobal
