
Microsoft Visual Studio Solution File, Format Version 12.00
# Visual Studio Version 17
VisualStudioVersion = 17.10.35122.118
MinimumVisualStudioVersion = 10.0.40219.1
Project("{FAE04EC0-301F-11D3-BF4B-00C04F79EFBC}") = "ContractProcessInterface2", "ContractProcessInterface2\ContractProcessInterface2.csproj", "{11EB2CB7-EE51-4002-B888-026CBABFF51A}"
EndProject
Global
	GlobalSection(SolutionConfigurationPlatforms) = preSolution
		Debug|Any CPU = Debug|Any CPU
		Release|Any CPU = Release|Any CPU
	EndGlobalSection
	GlobalSection(ProjectConfigurationPlatforms) = postSolution
		{11EB2CB7-EE51-4002-B888-026CBABFF51A}.Debug|Any CPU.ActiveCfg = Debug|Any CPU
		{11EB2CB7-EE51-4002-B888-026CBABFF51A}.Debug|Any CPU.Build.0 = Debug|Any CPU
		{11EB2CB7-EE51-4002-B888-026CBABFF51A}.Release|Any CPU.ActiveCfg = Release|Any CPU
		{11EB2CB7-EE51-4002-B888-026CBABFF51A}.Release|Any CPU.Build.0 = Release|Any CPU
	EndGlobalSection
	GlobalSection(SolutionProperties) = preSolution
		HideSolutionNode = FALSE
	EndGlobalSection
	GlobalSection(ExtensibilityGlobals) = postSolution
		SolutionGuid = {1441AEF1-46A5-4560-8AE9-3492A82DF912}
	EndGlobalSection
EndGlobal
