
Microsoft Visual Studio Solution File, Format Version 12.00
# Visual Studio Version 17
VisualStudioVersion = 17.10.35122.118
MinimumVisualStudioVersion = 10.0.40219.1
Project("{FAE04EC0-301F-11D3-BF4B-00C04F79EFBC}") = "LINQ_PRODUCTS", "LINQ_PRODUCTS\LINQ_PRODUCTS.csproj", "{9B1EFA16-1E64-46BB-A4E6-27D2528A19CB}"
EndProject
Global
	GlobalSection(SolutionConfigurationPlatforms) = preSolution
		Debug|Any CPU = Debug|Any CPU
		Release|Any CPU = Release|Any CPU
	EndGlobalSection
	GlobalSection(ProjectConfigurationPlatforms) = postSolution
		{9B1EFA16-1E64-46BB-A4E6-27D2528A19CB}.Debug|Any CPU.ActiveCfg = Debug|Any CPU
		{9B1EFA16-1E64-46BB-A4E6-27D2528A19CB}.Debug|Any CPU.Build.0 = Debug|Any CPU
		{9B1EFA16-1E64-46BB-A4E6-27D2528A19CB}.Release|Any CPU.ActiveCfg = Release|Any CPU
		{9B1EFA16-1E64-46BB-A4E6-27D2528A19CB}.Release|Any CPU.Build.0 = Release|Any CPU
	EndGlobalSection
	GlobalSection(SolutionProperties) = preSolution
		HideSolutionNode = FALSE
	EndGlobalSection
	GlobalSection(ExtensibilityGlobals) = postSolution
		SolutionGuid = {3146D2D5-3A28-4E36-805D-A390FD9AC838}
	EndGlobalSection
EndGlobal
