
Microsoft Visual Studio Solution File, Format Version 12.00
# Visual Studio Version 17
VisualStudioVersion = 17.10.35122.118
MinimumVisualStudioVersion = 10.0.40219.1
Project("{FAE04EC0-301F-11D3-BF4B-00C04F79EFBC}") = "Directory", "Directory\Directory.csproj", "{987FE734-5C3F-4546-96E4-68D39B03385E}"
EndProject
Global
	GlobalSection(SolutionConfigurationPlatforms) = preSolution
		Debug|Any CPU = Debug|Any CPU
		Release|Any CPU = Release|Any CPU
	EndGlobalSection
	GlobalSection(ProjectConfigurationPlatforms) = postSolution
		{987FE734-5C3F-4546-96E4-68D39B03385E}.Debug|Any CPU.ActiveCfg = Debug|Any CPU
		{987FE734-5C3F-4546-96E4-68D39B03385E}.Debug|Any CPU.Build.0 = Debug|Any CPU
		{987FE734-5C3F-4546-96E4-68D39B03385E}.Release|Any CPU.ActiveCfg = Release|Any CPU
		{987FE734-5C3F-4546-96E4-68D39B03385E}.Release|Any CPU.Build.0 = Release|Any CPU
	EndGlobalSection
	GlobalSection(SolutionProperties) = preSolution
		HideSolutionNode = FALSE
	EndGlobalSection
	GlobalSection(ExtensibilityGlobals) = postSolution
		SolutionGuid = {06A763F9-09B9-420E-923D-70E82CCDB503}
	EndGlobalSection
EndGlobal
