
Microsoft Visual Studio Solution File, Format Version 12.00
# Visual Studio Version 17
VisualStudioVersion = 17.10.35122.118
MinimumVisualStudioVersion = 10.0.40219.1
Project("{FAE04EC0-301F-11D3-BF4B-00C04F79EFBC}") = "Herança", "Herança\Herança.csproj", "{821C4FB9-0B22-4233-B02C-40DD935D071D}"
EndProject
Global
	GlobalSection(SolutionConfigurationPlatforms) = preSolution
		Debug|Any CPU = Debug|Any CPU
		Release|Any CPU = Release|Any CPU
	EndGlobalSection
	GlobalSection(ProjectConfigurationPlatforms) = postSolution
		{821C4FB9-0B22-4233-B02C-40DD935D071D}.Debug|Any CPU.ActiveCfg = Debug|Any CPU
		{821C4FB9-0B22-4233-B02C-40DD935D071D}.Debug|Any CPU.Build.0 = Debug|Any CPU
		{821C4FB9-0B22-4233-B02C-40DD935D071D}.Release|Any CPU.ActiveCfg = Release|Any CPU
		{821C4FB9-0B22-4233-B02C-40DD935D071D}.Release|Any CPU.Build.0 = Release|Any CPU
	EndGlobalSection
	GlobalSection(SolutionProperties) = preSolution
		HideSolutionNode = FALSE
	EndGlobalSection
	GlobalSection(ExtensibilityGlobals) = postSolution
		SolutionGuid = {82629BB9-E675-424E-AB5D-AA985B2385D4}
	EndGlobalSection
EndGlobal
