
Microsoft Visual Studio Solution File, Format Version 12.00
# Visual Studio Version 17
VisualStudioVersion = 17.10.35122.118
MinimumVisualStudioVersion = 10.0.40219.1
Project("{FAE04EC0-301F-11D3-BF4B-00C04F79EFBC}") = "ArchiveExercise", "ArchiveExercise\ArchiveExercise.csproj", "{2FE2F484-C372-4646-BEEC-2A886044C598}"
EndProject
Global
	GlobalSection(SolutionConfigurationPlatforms) = preSolution
		Debug|Any CPU = Debug|Any CPU
		Release|Any CPU = Release|Any CPU
	EndGlobalSection
	GlobalSection(ProjectConfigurationPlatforms) = postSolution
		{2FE2F484-C372-4646-BEEC-2A886044C598}.Debug|Any CPU.ActiveCfg = Debug|Any CPU
		{2FE2F484-C372-4646-BEEC-2A886044C598}.Debug|Any CPU.Build.0 = Debug|Any CPU
		{2FE2F484-C372-4646-BEEC-2A886044C598}.Release|Any CPU.ActiveCfg = Release|Any CPU
		{2FE2F484-C372-4646-BEEC-2A886044C598}.Release|Any CPU.Build.0 = Release|Any CPU
	EndGlobalSection
	GlobalSection(SolutionProperties) = preSolution
		HideSolutionNode = FALSE
	EndGlobalSection
	GlobalSection(ExtensibilityGlobals) = postSolution
		SolutionGuid = {F50B337E-FFF9-4C82-9D20-BA583447E1C4}
	EndGlobalSection
EndGlobal
