
Microsoft Visual Studio Solution File, Format Version 12.00
# Visual Studio Version 17
VisualStudioVersion = 17.10.35122.118
MinimumVisualStudioVersion = 10.0.40219.1
Project("{FAE04EC0-301F-11D3-BF4B-00C04F79EFBC}") = "Algoritimo", "Algoritimo\Algoritimo.csproj", "{0236616C-FB72-493D-AB7F-46125382DD39}"
EndProject
Global
	GlobalSection(SolutionConfigurationPlatforms) = preSolution
		Debug|Any CPU = Debug|Any CPU
		Release|Any CPU = Release|Any CPU
	EndGlobalSection
	GlobalSection(ProjectConfigurationPlatforms) = postSolution
		{0236616C-FB72-493D-AB7F-46125382DD39}.Debug|Any CPU.ActiveCfg = Debug|Any CPU
		{0236616C-FB72-493D-AB7F-46125382DD39}.Debug|Any CPU.Build.0 = Debug|Any CPU
		{0236616C-FB72-493D-AB7F-46125382DD39}.Release|Any CPU.ActiveCfg = Release|Any CPU
		{0236616C-FB72-493D-AB7F-46125382DD39}.Release|Any CPU.Build.0 = Release|Any CPU
	EndGlobalSection
	GlobalSection(SolutionProperties) = preSolution
		HideSolutionNode = FALSE
	EndGlobalSection
	GlobalSection(ExtensibilityGlobals) = postSolution
		SolutionGuid = {A17892AE-ABA0-4164-8A5B-C2634A3BEA30}
	EndGlobalSection
EndGlobal
