
Microsoft Visual Studio Solution File, Format Version 12.00
# Visual Studio Version 17
VisualStudioVersion = 17.10.35122.118
MinimumVisualStudioVersion = 10.0.40219.1
Project("{FAE04EC0-301F-11D3-BF4B-00C04F79EFBC}") = "Fibonacci", "Fibonacci\Fibonacci.csproj", "{B9C78F55-B7AC-4AF7-940C-D7BE14077CFA}"
EndProject
Global
	GlobalSection(SolutionConfigurationPlatforms) = preSolution
		Debug|Any CPU = Debug|Any CPU
		Release|Any CPU = Release|Any CPU
	EndGlobalSection
	GlobalSection(ProjectConfigurationPlatforms) = postSolution
		{B9C78F55-B7AC-4AF7-940C-D7BE14077CFA}.Debug|Any CPU.ActiveCfg = Debug|Any CPU
		{B9C78F55-B7AC-4AF7-940C-D7BE14077CFA}.Debug|Any CPU.Build.0 = Debug|Any CPU
		{B9C78F55-B7AC-4AF7-940C-D7BE14077CFA}.Release|Any CPU.ActiveCfg = Release|Any CPU
		{B9C78F55-B7AC-4AF7-940C-D7BE14077CFA}.Release|Any CPU.Build.0 = Release|Any CPU
	EndGlobalSection
	GlobalSection(SolutionProperties) = preSolution
		HideSolutionNode = FALSE
	EndGlobalSection
	GlobalSection(ExtensibilityGlobals) = postSolution
		SolutionGuid = {471644E0-2E76-4815-B65A-40EA562EC7BD}
	EndGlobalSection
EndGlobal
