
Microsoft Visual Studio Solution File, Format Version 12.00
# Visual Studio Version 17
VisualStudioVersion = 17.10.35122.118
MinimumVisualStudioVersion = 10.0.40219.1
Project("{9A19103F-16F7-4668-BE54-9A1E7A4F7556}") = "Enums", "Enums\Enums.csproj", "{994AF564-C08F-4499-9481-3625CA6CF68D}"
EndProject
Project("{2150E333-8FDC-42A3-9474-1A3956D46DE8}") = "Enums_01", "Enums_01", "{C6453648-B508-4C48-8068-85327F9F9204}"
EndProject
Project("{FAE04EC0-301F-11D3-BF4B-00C04F79EFBC}") = "Enums_01", "Enums_01\Enums_01.csproj", "{E2382905-F7DF-4359-AF52-D66E258DA217}"
EndProject
Global
	GlobalSection(SolutionConfigurationPlatforms) = preSolution
		Debug|Any CPU = Debug|Any CPU
		Release|Any CPU = Release|Any CPU
	EndGlobalSection
	GlobalSection(ProjectConfigurationPlatforms) = postSolution
		{994AF564-C08F-4499-9481-3625CA6CF68D}.Debug|Any CPU.ActiveCfg = Debug|Any CPU
		{994AF564-C08F-4499-9481-3625CA6CF68D}.Debug|Any CPU.Build.0 = Debug|Any CPU
		{994AF564-C08F-4499-9481-3625CA6CF68D}.Release|Any CPU.ActiveCfg = Release|Any CPU
		{994AF564-C08F-4499-9481-3625CA6CF68D}.Release|Any CPU.Build.0 = Release|Any CPU
		{E2382905-F7DF-4359-AF52-D66E258DA217}.Debug|Any CPU.ActiveCfg = Debug|Any CPU
		{E2382905-F7DF-4359-AF52-D66E258DA217}.Debug|Any CPU.Build.0 = Debug|Any CPU
		{E2382905-F7DF-4359-AF52-D66E258DA217}.Release|Any CPU.ActiveCfg = Release|Any CPU
		{E2382905-F7DF-4359-AF52-D66E258DA217}.Release|Any CPU.Build.0 = Release|Any CPU
	EndGlobalSection
	GlobalSection(SolutionProperties) = preSolution
		HideSolutionNode = FALSE
	EndGlobalSection
	GlobalSection(NestedProjects) = preSolution
		{E2382905-F7DF-4359-AF52-D66E258DA217} = {C6453648-B508-4C48-8068-85327F9F9204}
	EndGlobalSection
	GlobalSection(ExtensibilityGlobals) = postSolution
		SolutionGuid = {C5296EFB-61CF-45EB-ABA9-A64B9B4BC232}
	EndGlobalSection
EndGlobal
