
Microsoft Visual Studio Solution File, Format Version 12.00
# Visual Studio Version 17
VisualStudioVersion = 17.10.35122.118
MinimumVisualStudioVersion = 10.0.40219.1
Project("{FAE04EC0-301F-11D3-BF4B-00C04F79EFBC}") = "ExercicioHashSet_SortedSet_Conjuntos", "ExercicioHashSet_SortedSet_Conjuntos\ExercicioHashSet_SortedSet_Conjuntos.csproj", "{A6896471-5B3F-43B0-B8FD-FC8544F4233B}"
EndProject
Global
	GlobalSection(SolutionConfigurationPlatforms) = preSolution
		Debug|Any CPU = Debug|Any CPU
		Release|Any CPU = Release|Any CPU
	EndGlobalSection
	GlobalSection(ProjectConfigurationPlatforms) = postSolution
		{A6896471-5B3F-43B0-B8FD-FC8544F4233B}.Debug|Any CPU.ActiveCfg = Debug|Any CPU
		{A6896471-5B3F-43B0-B8FD-FC8544F4233B}.Debug|Any CPU.Build.0 = Debug|Any CPU
		{A6896471-5B3F-43B0-B8FD-FC8544F4233B}.Release|Any CPU.ActiveCfg = Release|Any CPU
		{A6896471-5B3F-43B0-B8FD-FC8544F4233B}.Release|Any CPU.Build.0 = Release|Any CPU
	EndGlobalSection
	GlobalSection(SolutionProperties) = preSolution
		HideSolutionNode = FALSE
	EndGlobalSection
	GlobalSection(ExtensibilityGlobals) = postSolution
		SolutionGuid = {40D9AA1E-D53E-408B-B338-0384C8496BDE}
	EndGlobalSection
EndGlobal
