
Microsoft Visual Studio Solution File, Format Version 12.00
# Visual Studio Version 17
VisualStudioVersion = 17.10.35122.118
MinimumVisualStudioVersion = 10.0.40219.1
Project("{FAE04EC0-301F-11D3-BF4B-00C04F79EFBC}") = "OrderClient", "OrderClient\OrderClient.csproj", "{683097F3-1B3E-4DCC-A629-8ED57EB63B1B}"
EndProject
Global
	GlobalSection(SolutionConfigurationPlatforms) = preSolution
		Debug|Any CPU = Debug|Any CPU
		Release|Any CPU = Release|Any CPU
	EndGlobalSection
	GlobalSection(ProjectConfigurationPlatforms) = postSolution
		{683097F3-1B3E-4DCC-A629-8ED57EB63B1B}.Debug|Any CPU.ActiveCfg = Debug|Any CPU
		{683097F3-1B3E-4DCC-A629-8ED57EB63B1B}.Debug|Any CPU.Build.0 = Debug|Any CPU
		{683097F3-1B3E-4DCC-A629-8ED57EB63B1B}.Release|Any CPU.ActiveCfg = Release|Any CPU
		{683097F3-1B3E-4DCC-A629-8ED57EB63B1B}.Release|Any CPU.Build.0 = Release|Any CPU
	EndGlobalSection
	GlobalSection(SolutionProperties) = preSolution
		HideSolutionNode = FALSE
	EndGlobalSection
	GlobalSection(ExtensibilityGlobals) = postSolution
		SolutionGuid = {582AFD06-54E6-4326-9C0A-B48993BA7C70}
	EndGlobalSection
EndGlobal
