
Microsoft Visual Studio Solution File, Format Version 12.00
# Visual Studio Version 17
VisualStudioVersion = 17.10.35122.118
MinimumVisualStudioVersion = 10.0.40219.1
Project("{FAE04EC0-301F-11D3-BF4B-00C04F79EFBC}") = "Try-Catch", "Try-Catch\Try-Catch.csproj", "{92BB4A82-B087-420B-9B63-14E1D2D80289}"
EndProject
Global
	GlobalSection(SolutionConfigurationPlatforms) = preSolution
		Debug|Any CPU = Debug|Any CPU
		Release|Any CPU = Release|Any CPU
	EndGlobalSection
	GlobalSection(ProjectConfigurationPlatforms) = postSolution
		{92BB4A82-B087-420B-9B63-14E1D2D80289}.Debug|Any CPU.ActiveCfg = Debug|Any CPU
		{92BB4A82-B087-420B-9B63-14E1D2D80289}.Debug|Any CPU.Build.0 = Debug|Any CPU
		{92BB4A82-B087-420B-9B63-14E1D2D80289}.Release|Any CPU.ActiveCfg = Release|Any CPU
		{92BB4A82-B087-420B-9B63-14E1D2D80289}.Release|Any CPU.Build.0 = Release|Any CPU
	EndGlobalSection
	GlobalSection(SolutionProperties) = preSolution
		HideSolutionNode = FALSE
	EndGlobalSection
	GlobalSection(ExtensibilityGlobals) = postSolution
		SolutionGuid = {6CF8620B-9DE7-4D2E-B2AB-0572BFAE0131}
	EndGlobalSection
EndGlobal
