
Microsoft Visual Studio Solution File, Format Version 12.00
# Visual Studio Version 17
VisualStudioVersion = 17.10.35122.118
MinimumVisualStudioVersion = 10.0.40219.1
Project("{FAE04EC0-301F-11D3-BF4B-00C04F79EFBC}") = "WorkerData", "WorkerData\WorkerData.csproj", "{08E365DE-769D-4A40-9069-F1B43665EA8E}"
EndProject
Global
	GlobalSection(SolutionConfigurationPlatforms) = preSolution
		Debug|Any CPU = Debug|Any CPU
		Release|Any CPU = Release|Any CPU
	EndGlobalSection
	GlobalSection(ProjectConfigurationPlatforms) = postSolution
		{08E365DE-769D-4A40-9069-F1B43665EA8E}.Debug|Any CPU.ActiveCfg = Debug|Any CPU
		{08E365DE-769D-4A40-9069-F1B43665EA8E}.Debug|Any CPU.Build.0 = Debug|Any CPU
		{08E365DE-769D-4A40-9069-F1B43665EA8E}.Release|Any CPU.ActiveCfg = Release|Any CPU
		{08E365DE-769D-4A40-9069-F1B43665EA8E}.Release|Any CPU.Build.0 = Release|Any CPU
	EndGlobalSection
	GlobalSection(SolutionProperties) = preSolution
		HideSolutionNode = FALSE
	EndGlobalSection
	GlobalSection(ExtensibilityGlobals) = postSolution
		SolutionGuid = {8988B77C-6D12-4F83-ABCA-4E1CA9CEF944}
	EndGlobalSection
EndGlobal
